
Microsoft Visual Studio Solution File, Format Version 12.00
# Visual Studio Version 16
VisualStudioVersion = 16.0.31702.278
MinimumVisualStudioVersion = 10.0.40219.1
Project("{9A19103F-16F7-4668-BE54-9A1E7A4F7556}") = "API", "API\API.csproj", "{FBF5D0B4-3E9A-4FC5-8BE0-256CC81A54CD}"
EndProject
Project("{9A19103F-16F7-4668-BE54-9A1E7A4F7556}") = "BE.API", "BE.API\BE.API.csproj", "{22AF055B-C0DB-4665-8307-0E27FD32AB3C}"
EndProject
Project("{9A19103F-16F7-4668-BE54-9A1E7A4F7556}") = "BE.BS", "BE.BS\BE.BS.csproj", "{58312CE8-9D95-403A-8C04-FAA3E1812068}"
EndProject
Project("{9A19103F-16F7-4668-BE54-9A1E7A4F7556}") = "BE.DAL", "BE.DAL\BE.DAL.csproj", "{A00E0CDC-71E1-4448-87D3-FA6A54A894A4}"
EndProject
Project("{9A19103F-16F7-4668-BE54-9A1E7A4F7556}") = "BE.DAL.DO", "BE.DAL.DO\BE.DAL.DO.csproj", "{19B887B9-938F-4554-937F-65B6F418F971}"
EndProject
Project("{9A19103F-16F7-4668-BE54-9A1E7A4F7556}") = "BE.DAL.EF", "BE.DAL.EF\BE.DAL.EF.csproj", "{F23894FB-22BA-4BC1-B2D7-92DC165DB3FE}"
EndProject
Project("{9A19103F-16F7-4668-BE54-9A1E7A4F7556}") = "BE.DAL.Repository", "BE.DAL.Repository\BE.DAL.Repository.csproj", "{A48ED6C8-A354-46D4-911B-415A5F1F171A}"
EndProject
Project("{2150E333-8FDC-42A3-9474-1A3956D46DE8}") = "Solution Items", "Solution Items", "{78C22A9B-3908-42E1-BF0B-75510B68BB8F}"
	ProjectSection(SolutionItems) = preProject
		.editorconfig = .editorconfig
	EndProjectSection
EndProject
Global
	GlobalSection(SolutionConfigurationPlatforms) = preSolution
		Debug|Any CPU = Debug|Any CPU
		Release|Any CPU = Release|Any CPU
	EndGlobalSection
	GlobalSection(ProjectConfigurationPlatforms) = postSolution
		{FBF5D0B4-3E9A-4FC5-8BE0-256CC81A54CD}.Debug|Any CPU.ActiveCfg = Debug|Any CPU
		{FBF5D0B4-3E9A-4FC5-8BE0-256CC81A54CD}.Debug|Any CPU.Build.0 = Debug|Any CPU
		{FBF5D0B4-3E9A-4FC5-8BE0-256CC81A54CD}.Release|Any CPU.ActiveCfg = Release|Any CPU
		{FBF5D0B4-3E9A-4FC5-8BE0-256CC81A54CD}.Release|Any CPU.Build.0 = Release|Any CPU
		{22AF055B-C0DB-4665-8307-0E27FD32AB3C}.Debug|Any CPU.ActiveCfg = Debug|Any CPU
		{22AF055B-C0DB-4665-8307-0E27FD32AB3C}.Debug|Any CPU.Build.0 = Debug|Any CPU
		{22AF055B-C0DB-4665-8307-0E27FD32AB3C}.Release|Any CPU.ActiveCfg = Release|Any CPU
		{22AF055B-C0DB-4665-8307-0E27FD32AB3C}.Release|Any CPU.Build.0 = Release|Any CPU
		{58312CE8-9D95-403A-8C04-FAA3E1812068}.Debug|Any CPU.ActiveCfg = Debug|Any CPU
		{58312CE8-9D95-403A-8C04-FAA3E1812068}.Debug|Any CPU.Build.0 = Debug|Any CPU
		{58312CE8-9D95-403A-8C04-FAA3E1812068}.Release|Any CPU.ActiveCfg = Release|Any CPU
		{58312CE8-9D95-403A-8C04-FAA3E1812068}.Release|Any CPU.Build.0 = Release|Any CPU
		{A00E0CDC-71E1-4448-87D3-FA6A54A894A4}.Debug|Any CPU.ActiveCfg = Debug|Any CPU
		{A00E0CDC-71E1-4448-87D3-FA6A54A894A4}.Debug|Any CPU.Build.0 = Debug|Any CPU
		{A00E0CDC-71E1-4448-87D3-FA6A54A894A4}.Release|Any CPU.ActiveCfg = Release|Any CPU
		{A00E0CDC-71E1-4448-87D3-FA6A54A894A4}.Release|Any CPU.Build.0 = Release|Any CPU
		{19B887B9-938F-4554-937F-65B6F418F971}.Debug|Any CPU.ActiveCfg = Debug|Any CPU
		{19B887B9-938F-4554-937F-65B6F418F971}.Debug|Any CPU.Build.0 = Debug|Any CPU
		{19B887B9-938F-4554-937F-65B6F418F971}.Release|Any CPU.ActiveCfg = Release|Any CPU
		{19B887B9-938F-4554-937F-65B6F418F971}.Release|Any CPU.Build.0 = Release|Any CPU
		{F23894FB-22BA-4BC1-B2D7-92DC165DB3FE}.Debug|Any CPU.ActiveCfg = Debug|Any CPU
		{F23894FB-22BA-4BC1-B2D7-92DC165DB3FE}.Debug|Any CPU.Build.0 = Debug|Any CPU
		{F23894FB-22BA-4BC1-B2D7-92DC165DB3FE}.Release|Any CPU.ActiveCfg = Release|Any CPU
		{F23894FB-22BA-4BC1-B2D7-92DC165DB3FE}.Release|Any CPU.Build.0 = Release|Any CPU
		{A48ED6C8-A354-46D4-911B-415A5F1F171A}.Debug|Any CPU.ActiveCfg = Debug|Any CPU
		{A48ED6C8-A354-46D4-911B-415A5F1F171A}.Debug|Any CPU.Build.0 = Debug|Any CPU
		{A48ED6C8-A354-46D4-911B-415A5F1F171A}.Release|Any CPU.ActiveCfg = Release|Any CPU
		{A48ED6C8-A354-46D4-911B-415A5F1F171A}.Release|Any CPU.Build.0 = Release|Any CPU
	EndGlobalSection
	GlobalSection(SolutionProperties) = preSolution
		HideSolutionNode = FALSE
	EndGlobalSection
	GlobalSection(ExtensibilityGlobals) = postSolution
		SolutionGuid = {7BF54C4C-F980-47A0-BF55-94AD3ECE6E27}
	EndGlobalSection
EndGlobal
